
Microsoft Visual Studio Solution File, Format Version 12.00
# Visual Studio Version 17
VisualStudioVersion = 17.1.32210.238
MinimumVisualStudioVersion = 10.0.40219.1
Project("{9A19103F-16F7-4668-BE54-9A1E7A4F7556}") = "DataAccess", "DataAccess\DataAccess.csproj", "{2DD73C8A-F8D9-441F-AFB0-5839489721C2}"
EndProject
Project("{9A19103F-16F7-4668-BE54-9A1E7A4F7556}") = "Business", "Business\Business.csproj", "{77C7DF68-22D5-48EA-95DE-347904D6EAD8}"
EndProject
Project("{9A19103F-16F7-4668-BE54-9A1E7A4F7556}") = "Entities", "Entities\Entities.csproj", "{C05AB0AF-B600-48F6-8EB4-14BB2832A516}"
EndProject
Project("{9A19103F-16F7-4668-BE54-9A1E7A4F7556}") = "ConsoleApp1", "ConsoleApp1\ConsoleApp1.csproj", "{7B554C87-B9DB-4834-8900-456B4C95A4C0}"
EndProject
Project("{FAE04EC0-301F-11D3-BF4B-00C04F79EFBC}") = "Core", "Core\Core.csproj", "{7ACDA617-97E7-4136-BB1A-48F8F74A8476}"
EndProject
Global
	GlobalSection(SolutionConfigurationPlatforms) = preSolution
		Debug|Any CPU = Debug|Any CPU
		Release|Any CPU = Release|Any CPU
	EndGlobalSection
	GlobalSection(ProjectConfigurationPlatforms) = postSolution
		{2DD73C8A-F8D9-441F-AFB0-5839489721C2}.Debug|Any CPU.ActiveCfg = Debug|Any CPU
		{2DD73C8A-F8D9-441F-AFB0-5839489721C2}.Debug|Any CPU.Build.0 = Debug|Any CPU
		{2DD73C8A-F8D9-441F-AFB0-5839489721C2}.Release|Any CPU.ActiveCfg = Release|Any CPU
		{2DD73C8A-F8D9-441F-AFB0-5839489721C2}.Release|Any CPU.Build.0 = Release|Any CPU
		{77C7DF68-22D5-48EA-95DE-347904D6EAD8}.Debug|Any CPU.ActiveCfg = Debug|Any CPU
		{77C7DF68-22D5-48EA-95DE-347904D6EAD8}.Debug|Any CPU.Build.0 = Debug|Any CPU
		{77C7DF68-22D5-48EA-95DE-347904D6EAD8}.Release|Any CPU.ActiveCfg = Release|Any CPU
		{77C7DF68-22D5-48EA-95DE-347904D6EAD8}.Release|Any CPU.Build.0 = Release|Any CPU
		{C05AB0AF-B600-48F6-8EB4-14BB2832A516}.Debug|Any CPU.ActiveCfg = Debug|Any CPU
		{C05AB0AF-B600-48F6-8EB4-14BB2832A516}.Debug|Any CPU.Build.0 = Debug|Any CPU
		{C05AB0AF-B600-48F6-8EB4-14BB2832A516}.Release|Any CPU.ActiveCfg = Release|Any CPU
		{C05AB0AF-B600-48F6-8EB4-14BB2832A516}.Release|Any CPU.Build.0 = Release|Any CPU
		{7B554C87-B9DB-4834-8900-456B4C95A4C0}.Debug|Any CPU.ActiveCfg = Debug|Any CPU
		{7B554C87-B9DB-4834-8900-456B4C95A4C0}.Debug|Any CPU.Build.0 = Debug|Any CPU
		{7B554C87-B9DB-4834-8900-456B4C95A4C0}.Release|Any CPU.ActiveCfg = Release|Any CPU
		{7B554C87-B9DB-4834-8900-456B4C95A4C0}.Release|Any CPU.Build.0 = Release|Any CPU
		{7ACDA617-97E7-4136-BB1A-48F8F74A8476}.Debug|Any CPU.ActiveCfg = Debug|Any CPU
		{7ACDA617-97E7-4136-BB1A-48F8F74A8476}.Debug|Any CPU.Build.0 = Debug|Any CPU
		{7ACDA617-97E7-4136-BB1A-48F8F74A8476}.Release|Any CPU.ActiveCfg = Release|Any CPU
		{7ACDA617-97E7-4136-BB1A-48F8F74A8476}.Release|Any CPU.Build.0 = Release|Any CPU
	EndGlobalSection
	GlobalSection(SolutionProperties) = preSolution
		HideSolutionNode = FALSE
	EndGlobalSection
	GlobalSection(ExtensibilityGlobals) = postSolution
		SolutionGuid = {F6D96268-EB1C-4C01-8B93-7BF65D9BE587}
	EndGlobalSection
EndGlobal
